
Microsoft Visual Studio Solution File, Format Version 12.00
# Visual Studio 15
VisualStudioVersion = 15.0.26730.10
MinimumVisualStudioVersion = 10.0.40219.1
Project("{8BC9CEB8-8B4A-11D0-8D11-00A0C91BC942}") = "FastSIMD", "FastSIMD.vcxproj", "{B39583A1-51EE-48E7-B5FE-C31C9AFD1774}"
EndProject
Global
	GlobalSection(SolutionConfigurationPlatforms) = preSolution
		Debug|x64 = Debug|x64
		Debug|x86 = Debug|x86
		Release c++11|x64 = Release c++11|x64
		Release c++11|x86 = Release c++11|x86
		Release|x64 = Release|x64
		Release|x86 = Release|x86
	EndGlobalSection
	GlobalSection(ProjectConfigurationPlatforms) = postSolution
		{B39583A1-51EE-48E7-B5FE-C31C9AFD1774}.Debug|x64.ActiveCfg = Debug|x64
		{B39583A1-51EE-48E7-B5FE-C31C9AFD1774}.Debug|x64.Build.0 = Debug|x64
		{B39583A1-51EE-48E7-B5FE-C31C9AFD1774}.Debug|x86.ActiveCfg = Debug|Win32
		{B39583A1-51EE-48E7-B5FE-C31C9AFD1774}.Debug|x86.Build.0 = Debug|Win32
		{B39583A1-51EE-48E7-B5FE-C31C9AFD1774}.Release c++11|x64.ActiveCfg = Release c++11|x64
		{B39583A1-51EE-48E7-B5FE-C31C9AFD1774}.Release c++11|x64.Build.0 = Release c++11|x64
		{B39583A1-51EE-48E7-B5FE-C31C9AFD1774}.Release c++11|x86.ActiveCfg = Release c++11|Win32
		{B39583A1-51EE-48E7-B5FE-C31C9AFD1774}.Release c++11|x86.Build.0 = Release c++11|Win32
		{B39583A1-51EE-48E7-B5FE-C31C9AFD1774}.Release|x64.ActiveCfg = Release|x64
		{B39583A1-51EE-48E7-B5FE-C31C9AFD1774}.Release|x64.Build.0 = Release|x64
		{B39583A1-51EE-48E7-B5FE-C31C9AFD1774}.Release|x86.ActiveCfg = Release|Win32
		{B39583A1-51EE-48E7-B5FE-C31C9AFD1774}.Release|x86.Build.0 = Release|Win32
	EndGlobalSection
	GlobalSection(SolutionProperties) = preSolution
		HideSolutionNode = FALSE
	EndGlobalSection
	GlobalSection(ExtensibilityGlobals) = postSolution
		SolutionGuid = {33510560-CBFD-48CC-BF2B-79E96565BD9B}
	EndGlobalSection
EndGlobal
