<?xml version="1.0" encoding="utf-8"?>
<Project ToolsVersion="4.0" xmlns="http://schemas.microsoft.com/developer/msbuild/2003">
  <ItemGroup>
    <Filter Include="Source Files">
      <UniqueIdentifier>{4FC737F1-C7A5-4376-A066-2A32D752A2FF}</UniqueIdentifier>
      <Extensions>cpp;c;cc;cxx;def;odl;idl;hpj;bat;asm;asmx</Extensions>
    </Filter>
    <Filter Include="Header Files">
      <UniqueIdentifier>{93995380-89BD-4b04-88EB-625FBE52EBFB}</UniqueIdentifier>
      <Extensions>h;hh;hpp;hxx;hm;inl;inc;xsd</Extensions>
    </Filter>
    <Filter Include="Resource Files">
      <UniqueIdentifier>{67DA6AB6-F800-4c08-8B7A-83BB121AAD01}</UniqueIdentifier>
      <Extensions>rc;ico;cur;bmp;dlg;rc2;rct;bin;rgs;gif;jpg;jpeg;jpe;resx;tiff;tif;png;wav;mfcribbon-ms</Extensions>
    </Filter>
    <Filter Include="FastSIMD">
      <UniqueIdentifier>{5c594ad0-b45f-4f1f-a119-019a73801ba1}</UniqueIdentifier>
    </Filter>
    <Filter Include="FastSIMD\SIMD Types">
      <UniqueIdentifier>{8406e0ae-b30b-484b-807a-950203b4ec39}</UniqueIdentifier>
    </Filter>
    <Filter Include="FastSIMD\Internal">
      <UniqueIdentifier>{9842903d-b5af-4ae5-9754-0ddbeeec5aa1}</UniqueIdentifier>
    </Filter>
  </ItemGroup>
  <ItemGroup>
    <ClCompile Include="main.cpp">
      <Filter>Source Files</Filter>
    </ClCompile>
    <ClCompile Include="Example.cpp">
      <Filter>Source Files</Filter>
    </ClCompile>
    <ClCompile Include="..\FastSIMD\FastSIMD.cpp">
      <Filter>FastSIMD</Filter>
    </ClCompile>
    <ClCompile Include="..\FastSIMD\FastSIMD_Level_AVX2.cpp">
      <Filter>FastSIMD</Filter>
    </ClCompile>
    <ClCompile Include="..\FastSIMD\FastSIMD_Level_SSE2.cpp">
      <Filter>FastSIMD</Filter>
    </ClCompile>
  </ItemGroup>
  <ItemGroup>
    <ClInclude Include="Example.h">
      <Filter>Source Files</Filter>
    </ClInclude>
    <ClInclude Include="..\FastSIMD\simdtypes\AVX2.h">
      <Filter>FastSIMD\SIMD Types</Filter>
    </ClInclude>
    <ClInclude Include="..\FastSIMD\simdtypes\Base.h">
      <Filter>FastSIMD\SIMD Types</Filter>
    </ClInclude>
    <ClInclude Include="..\FastSIMD\simdtypes\Scalar.h">
      <Filter>FastSIMD\SIMD Types</Filter>
    </ClInclude>
    <ClInclude Include="..\FastSIMD\simdtypes\SSE2.h">
      <Filter>FastSIMD\SIMD Types</Filter>
    </ClInclude>
    <ClInclude Include="..\FastSIMD\simdtypes\TypeList.h">
      <Filter>FastSIMD\SIMD Types</Filter>
    </ClInclude>
    <ClInclude Include="..\FastSIMD\internal\CPPBuilder.h">
      <Filter>FastSIMD\Internal</Filter>
    </ClInclude>
    <ClInclude Include="..\FastSIMD\internal\DynamicIncluder.h">
      <Filter>FastSIMD\Internal</Filter>
    </ClInclude>
    <ClInclude Include="..\FastSIMD\FastSIMD.h">
      <Filter>FastSIMD</Filter>
    </ClInclude>
    <ClInclude Include="..\FastSIMD\FastSIMD_BuildList.h">
      <Filter>FastSIMD</Filter>
    </ClInclude>
    <ClInclude Include="..\FastSIMD\FastSIMD_Config.h">
      <Filter>FastSIMD</Filter>
    </ClInclude>
  </ItemGroup>
  <ItemGroup>
    <None Include="..\FastSIMD\FS_Class.inc">
      <Filter>FastSIMD</Filter>
    </None>
    <None Include="..\FastSIMD\FS_Source.inc">
      <Filter>FastSIMD</Filter>
    </None>
  </ItemGroup>
</Project>