<?xml version="1.0" encoding="utf-8"?>
<Project ToolsVersion="4.0" xmlns="http://schemas.microsoft.com/developer/msbuild/2003">
  <ItemGroup>
    <Filter Include="FastSIMD">
      <UniqueIdentifier>{5c594ad0-b45f-4f1f-a119-019a73801ba1}</UniqueIdentifier>
    </Filter>
    <Filter Include="FastSIMD\Internal">
      <UniqueIdentifier>{9842903d-b5af-4ae5-9754-0ddbeeec5aa1}</UniqueIdentifier>
    </Filter>
    <Filter Include="Example">
      <UniqueIdentifier>{4FC737F1-C7A5-4376-A066-2A32D752A2FF}</UniqueIdentifier>
      <Extensions>cpp;c;cc;cxx;def;odl;idl;hpj;bat;asm;asmx</Extensions>
    </Filter>
  </ItemGroup>
  <ItemGroup>
    <ClCompile Include="main.cpp">
      <Filter>Example</Filter>
    </ClCompile>
    <ClCompile Include="..\FastSIMD\FastSIMD.cpp">
      <Filter>FastSIMD</Filter>
    </ClCompile>
    <ClCompile Include="..\FastSIMD\FastSIMD_Level_SSE2.cpp">
      <Filter>FastSIMD</Filter>
    </ClCompile>
    <ClCompile Include="..\FastSIMD\FastSIMD_Level_Scalar.cpp">
      <Filter>FastSIMD</Filter>
    </ClCompile>
  </ItemGroup>
  <ItemGroup>
    <ClInclude Include="Example.h">
      <Filter>Example</Filter>
    </ClInclude>
    <ClInclude Include="..\FastSIMD\FastSIMD.h">
      <Filter>FastSIMD</Filter>
    </ClInclude>
    <ClInclude Include="..\FastSIMD\FastSIMD_BuildList.h">
      <Filter>FastSIMD</Filter>
    </ClInclude>
    <ClInclude Include="..\FastSIMD\FastSIMD_Config.h">
      <Filter>FastSIMD</Filter>
    </ClInclude>
    <ClInclude Include="..\FastSIMD\Internal\FunctionList.h">
      <Filter>FastSIMD\Internal</Filter>
    </ClInclude>
    <ClInclude Include="..\FastSIMD\Internal\TypeList.h">
      <Filter>FastSIMD\Internal</Filter>
    </ClInclude>
    <ClInclude Include="..\FastSIMD\internal\SourceBuilder.h">
      <Filter>FastSIMD\Internal</Filter>
    </ClInclude>
    <ClInclude Include="..\FastSIMD\internal\VecTools.h">
      <Filter>FastSIMD\Internal</Filter>
    </ClInclude>
    <ClInclude Include="..\FastSIMD\FS_Class.inl">
      <Filter>FastSIMD</Filter>
    </ClInclude>
    <ClInclude Include="..\FastSIMD\FS_IntelliSenseHelper.h">
      <Filter>FastSIMD</Filter>
    </ClInclude>
    <ClInclude Include="..\FastSIMD\Internal\SSE.h">
      <Filter>FastSIMD\Internal</Filter>
    </ClInclude>
    <ClInclude Include="..\FastSIMD\Internal\Scalar.h">
      <Filter>FastSIMD\Internal</Filter>
    </ClInclude>
    <ClInclude Include="..\FastSIMD\Internal\AVX.h">
      <Filter>FastSIMD\Internal</Filter>
    </ClInclude>
  </ItemGroup>
  <ItemGroup>
    <None Include="Example.inl">
      <Filter>Example</Filter>
    </None>
  </ItemGroup>
</Project>